
Microsoft Visual Studio Solution File, Format Version 12.00
# Visual Studio Version 17
VisualStudioVersion = 17.9.34728.123
MinimumVisualStudioVersion = 10.0.40219.1
Project("{FAE04EC0-301F-11D3-BF4B-00C04F79EFBC}") = "WebApplicationOCR", "WebApplicationOCR.csproj", "{A7890348-9501-40A1-9A06-0B77F8FDCF82}"
EndProject
Global
	GlobalSection(SolutionConfigurationPlatforms) = preSolution
		Debug|Any CPU = Debug|Any CPU
		Release|Any CPU = Release|Any CPU
	EndGlobalSection
	GlobalSection(ProjectConfigurationPlatforms) = postSolution
		{A7890348-9501-40A1-9A06-0B77F8FDCF82}.Debug|Any CPU.ActiveCfg = Debug|Any CPU
		{A7890348-9501-40A1-9A06-0B77F8FDCF82}.Debug|Any CPU.Build.0 = Debug|Any CPU
		{A7890348-9501-40A1-9A06-0B77F8FDCF82}.Release|Any CPU.ActiveCfg = Release|Any CPU
		{A7890348-9501-40A1-9A06-0B77F8FDCF82}.Release|Any CPU.Build.0 = Release|Any CPU
	EndGlobalSection
	GlobalSection(SolutionProperties) = preSolution
		HideSolutionNode = FALSE
	EndGlobalSection
	GlobalSection(ExtensibilityGlobals) = postSolution
		SolutionGuid = {146600B1-75C1-49E0-9DD4-37B3AF38792B}
	EndGlobalSection
EndGlobal
